# THIS IS AN AUTOGENERATED FILE. DO NOT EDIT THIS FILE DIRECTLY.
# yarn lockfile v1


"@sendgrid/client@^7.7.0":
  version "7.7.0"
  resolved "https://registry.yarnpkg.com/@sendgrid/client/-/client-7.7.0.tgz#f8f67abd604205a0d0b1af091b61517ef465fdbf"
  integrity sha512-SxH+y8jeAQSnDavrTD0uGDXYIIkFylCo+eDofVmZLQ0f862nnqbC3Vd1ej6b7Le7lboyzQF6F7Fodv02rYspuA==
  dependencies:
    "@sendgrid/helpers" "^7.7.0"
    axios "^0.26.0"

"@sendgrid/helpers@^7.7.0":
  version "7.7.0"
  resolved "https://registry.yarnpkg.com/@sendgrid/helpers/-/helpers-7.7.0.tgz#93fb4b6e2f0dc65080440d6a784cc93e8e148757"
  integrity sha512-3AsAxfN3GDBcXoZ/y1mzAAbKzTtUZ5+ZrHOmWQ279AuaFXUNCh9bPnRpN504bgveTqoW+11IzPg3I0WVgDINpw==
  dependencies:
    deepmerge "^4.2.2"

"@sendgrid/mail@^7.7.0":
  version "7.7.0"
  resolved "https://registry.yarnpkg.com/@sendgrid/mail/-/mail-7.7.0.tgz#aba09f5ce2e9d8ceee92284c3ea8b4a90b0e38fe"
  integrity sha512-5+nApPE9wINBvHSUxwOxkkQqM/IAAaBYoP9hw7WwgDNQPxraruVqHizeTitVtKGiqWCKm2mnjh4XGN3fvFLqaw==
  dependencies:
    "@sendgrid/client" "^7.7.0"
    "@sendgrid/helpers" "^7.7.0"

axios@^0.26.0:
  version "0.26.1"
  resolved "https://registry.yarnpkg.com/axios/-/axios-0.26.1.tgz#1ede41c51fcf51bbbd6fd43669caaa4f0495aaa9"
  integrity sha512-fPwcX4EvnSHuInCMItEhAGnaSEXRBjtzh9fOtsE6E1G6p7vl7edEeZe11QHf18+6+9gR5PbKV/sGKNaD8YaMeA==
  dependencies:
    follow-redirects "^1.14.8"

deepmerge@^4.2.2:
  version "4.3.1"
  resolved "https://registry.yarnpkg.com/deepmerge/-/deepmerge-4.3.1.tgz#44b5f2147cd3b00d4b56137685966f26fd25dd4a"
  integrity sha512-3sUqbMEc77XqpdNO7FRyRog+eW3ph+GYCbj+rK+uYyRMuwsVy0rMiVtPn+QJlKFvWP/1PYpapqYn0Me2knFn+A==

follow-redirects@^1.14.8:
  version "1.15.3"
  resolved "https://registry.yarnpkg.com/follow-redirects/-/follow-redirects-1.15.3.tgz#fe2f3ef2690afce7e82ed0b44db08165b207123a"
  integrity sha512-1VzOtuEM8pC9SFU1E+8KfTjZyMztRsgEfwQl44z8A25uy13jSzTj6dyK2Df52iV0vgHCfBwLhDWevLn95w5v6Q==
